
Microsoft Visual Studio Solution File, Format Version 11.00
# Visual Studio 2010
Project("{FAE04EC0-301F-11D3-BF4B-00C04F79EFBC}") = "DLExt.Builder", "DLExt.Builder\DLExt.Builder.csproj", "{E9611B82-5FA3-42B2-9055-776CFE1D7048}"
EndProject
Project("{FAE04EC0-301F-11D3-BF4B-00C04F79EFBC}") = "DLExt.OutlookAddin", "DLExt.OutlookAddin\DLExt.OutlookAddin.csproj", "{01D1EC74-4F99-40A5-8165-40243700F15F}"
EndProject
Project("{54435603-DBB4-11D2-8724-00A0C9A8B90C}") = "DLExt.OutlookAddin.Setup", "DLExt.OutlookAddin.Setup\DLExt.OutlookAddin.Setup.vdproj", "{34438289-8D46-41F8-9EBF-1544D17E8D2D}"
EndProject
Project("{FAE04EC0-301F-11D3-BF4B-00C04F79EFBC}") = "DLExt.Outlook2010AddIn", "DLExt.Outlook2010AddIn\DLExt.Outlook2010AddIn.csproj", "{0CA1A557-5656-42FF-A280-6E9239E69D26}"
EndProject
Global
	GlobalSection(SolutionConfigurationPlatforms) = preSolution
		Debug|Any CPU = Debug|Any CPU
		Debug|Mixed Platforms = Debug|Mixed Platforms
		Debug|x86 = Debug|x86
		Release|Any CPU = Release|Any CPU
		Release|Mixed Platforms = Release|Mixed Platforms
		Release|x86 = Release|x86
	EndGlobalSection
	GlobalSection(ProjectConfigurationPlatforms) = postSolution
		{E9611B82-5FA3-42B2-9055-776CFE1D7048}.Debug|Any CPU.ActiveCfg = Debug|Any CPU
		{E9611B82-5FA3-42B2-9055-776CFE1D7048}.Debug|Any CPU.Build.0 = Debug|Any CPU
		{E9611B82-5FA3-42B2-9055-776CFE1D7048}.Debug|Mixed Platforms.ActiveCfg = Debug|Any CPU
		{E9611B82-5FA3-42B2-9055-776CFE1D7048}.Debug|Mixed Platforms.Build.0 = Debug|Any CPU
		{E9611B82-5FA3-42B2-9055-776CFE1D7048}.Debug|x86.ActiveCfg = Debug|Any CPU
		{E9611B82-5FA3-42B2-9055-776CFE1D7048}.Release|Any CPU.ActiveCfg = Release|Any CPU
		{E9611B82-5FA3-42B2-9055-776CFE1D7048}.Release|Any CPU.Build.0 = Release|Any CPU
		{E9611B82-5FA3-42B2-9055-776CFE1D7048}.Release|Mixed Platforms.ActiveCfg = Release|Any CPU
		{E9611B82-5FA3-42B2-9055-776CFE1D7048}.Release|Mixed Platforms.Build.0 = Release|Any CPU
		{E9611B82-5FA3-42B2-9055-776CFE1D7048}.Release|x86.ActiveCfg = Release|Any CPU
		{01D1EC74-4F99-40A5-8165-40243700F15F}.Debug|Any CPU.ActiveCfg = Debug|Any CPU
		{01D1EC74-4F99-40A5-8165-40243700F15F}.Debug|Any CPU.Build.0 = Debug|Any CPU
		{01D1EC74-4F99-40A5-8165-40243700F15F}.Debug|Mixed Platforms.ActiveCfg = Debug|Any CPU
		{01D1EC74-4F99-40A5-8165-40243700F15F}.Debug|Mixed Platforms.Build.0 = Debug|Any CPU
		{01D1EC74-4F99-40A5-8165-40243700F15F}.Debug|x86.ActiveCfg = Debug|Any CPU
		{01D1EC74-4F99-40A5-8165-40243700F15F}.Release|Any CPU.ActiveCfg = Release|Any CPU
		{01D1EC74-4F99-40A5-8165-40243700F15F}.Release|Any CPU.Build.0 = Release|Any CPU
		{01D1EC74-4F99-40A5-8165-40243700F15F}.Release|Mixed Platforms.ActiveCfg = Release|Any CPU
		{01D1EC74-4F99-40A5-8165-40243700F15F}.Release|Mixed Platforms.Build.0 = Release|Any CPU
		{01D1EC74-4F99-40A5-8165-40243700F15F}.Release|x86.ActiveCfg = Release|Any CPU
		{34438289-8D46-41F8-9EBF-1544D17E8D2D}.Debug|Any CPU.ActiveCfg = Debug
		{34438289-8D46-41F8-9EBF-1544D17E8D2D}.Debug|Mixed Platforms.ActiveCfg = Debug
		{34438289-8D46-41F8-9EBF-1544D17E8D2D}.Debug|x86.ActiveCfg = Debug
		{34438289-8D46-41F8-9EBF-1544D17E8D2D}.Release|Any CPU.ActiveCfg = Release
		{34438289-8D46-41F8-9EBF-1544D17E8D2D}.Release|Mixed Platforms.ActiveCfg = Release
		{34438289-8D46-41F8-9EBF-1544D17E8D2D}.Release|x86.ActiveCfg = Release
		{0CA1A557-5656-42FF-A280-6E9239E69D26}.Debug|Any CPU.ActiveCfg = Debug|Any CPU
		{0CA1A557-5656-42FF-A280-6E9239E69D26}.Debug|Any CPU.Build.0 = Debug|Any CPU
		{0CA1A557-5656-42FF-A280-6E9239E69D26}.Debug|Mixed Platforms.ActiveCfg = Debug|Any CPU
		{0CA1A557-5656-42FF-A280-6E9239E69D26}.Debug|Mixed Platforms.Build.0 = Debug|Any CPU
		{0CA1A557-5656-42FF-A280-6E9239E69D26}.Debug|x86.ActiveCfg = Debug|Any CPU
		{0CA1A557-5656-42FF-A280-6E9239E69D26}.Release|Any CPU.ActiveCfg = Release|Any CPU
		{0CA1A557-5656-42FF-A280-6E9239E69D26}.Release|Any CPU.Build.0 = Release|Any CPU
		{0CA1A557-5656-42FF-A280-6E9239E69D26}.Release|Mixed Platforms.ActiveCfg = Release|Any CPU
		{0CA1A557-5656-42FF-A280-6E9239E69D26}.Release|Mixed Platforms.Build.0 = Release|Any CPU
		{0CA1A557-5656-42FF-A280-6E9239E69D26}.Release|x86.ActiveCfg = Release|Any CPU
	EndGlobalSection
	GlobalSection(SolutionProperties) = preSolution
		HideSolutionNode = FALSE
	EndGlobalSection
EndGlobal
